
Microsoft Visual Studio Solution File, Format Version 12.00
# Visual Studio Version 17
VisualStudioVersion = 17.1.32210.238
MinimumVisualStudioVersion = 10.0.40219.1
Project("{8BC9CEB8-8B4A-11D0-8D11-00A0C91BC942}") = "Lab2-SortedSetDLL", "Lab2-SortedSetDLL.vcxproj", "{4FAD00F0-79D3-49D1-8C82-C24D7A2AAF9E}"
EndProject
Global
	GlobalSection(SolutionConfigurationPlatforms) = preSolution
		Debug|x64 = Debug|x64
		Debug|x86 = Debug|x86
		Release|x64 = Release|x64
		Release|x86 = Release|x86
	EndGlobalSection
	GlobalSection(ProjectConfigurationPlatforms) = postSolution
		{4FAD00F0-79D3-49D1-8C82-C24D7A2AAF9E}.Debug|x64.ActiveCfg = Debug|x64
		{4FAD00F0-79D3-49D1-8C82-C24D7A2AAF9E}.Debug|x64.Build.0 = Debug|x64
		{4FAD00F0-79D3-49D1-8C82-C24D7A2AAF9E}.Debug|x86.ActiveCfg = Debug|Win32
		{4FAD00F0-79D3-49D1-8C82-C24D7A2AAF9E}.Debug|x86.Build.0 = Debug|Win32
		{4FAD00F0-79D3-49D1-8C82-C24D7A2AAF9E}.Release|x64.ActiveCfg = Release|x64
		{4FAD00F0-79D3-49D1-8C82-C24D7A2AAF9E}.Release|x64.Build.0 = Release|x64
		{4FAD00F0-79D3-49D1-8C82-C24D7A2AAF9E}.Release|x86.ActiveCfg = Release|Win32
		{4FAD00F0-79D3-49D1-8C82-C24D7A2AAF9E}.Release|x86.Build.0 = Release|Win32
	EndGlobalSection
	GlobalSection(SolutionProperties) = preSolution
		HideSolutionNode = FALSE
	EndGlobalSection
	GlobalSection(ExtensibilityGlobals) = postSolution
		SolutionGuid = {A5067DA7-A88A-49C2-86E1-670F08ECA687}
	EndGlobalSection
EndGlobal
