
Microsoft Visual Studio Solution File, Format Version 12.00
# Visual Studio Version 17
VisualStudioVersion = 17.5.33424.131
MinimumVisualStudioVersion = 10.0.40219.1
Project("{FAE04EC0-301F-11D3-BF4B-00C04F79EFBC}") = "ExamGoodOne", "ExamGoodOne.csproj", "{5C216602-C8E0-4D52-A322-6A91E7FBE0D7}"
EndProject
Global
	GlobalSection(SolutionConfigurationPlatforms) = preSolution
		Debug|Any CPU = Debug|Any CPU
		Release|Any CPU = Release|Any CPU
	EndGlobalSection
	GlobalSection(ProjectConfigurationPlatforms) = postSolution
		{5C216602-C8E0-4D52-A322-6A91E7FBE0D7}.Debug|Any CPU.ActiveCfg = Debug|Any CPU
		{5C216602-C8E0-4D52-A322-6A91E7FBE0D7}.Debug|Any CPU.Build.0 = Debug|Any CPU
		{5C216602-C8E0-4D52-A322-6A91E7FBE0D7}.Release|Any CPU.ActiveCfg = Release|Any CPU
		{5C216602-C8E0-4D52-A322-6A91E7FBE0D7}.Release|Any CPU.Build.0 = Release|Any CPU
	EndGlobalSection
	GlobalSection(SolutionProperties) = preSolution
		HideSolutionNode = FALSE
	EndGlobalSection
	GlobalSection(ExtensibilityGlobals) = postSolution
		SolutionGuid = {0AC5DA55-C193-4A2D-BCD0-35C2E2C8D4F1}
	EndGlobalSection
EndGlobal
